// !$*UTF8*$!
{
	archiveVersion = 1;
	classes = {
	};
	objectVersion = 56;
	objects = {

/* Begin PBXBuildFile section */
		AC7782612BF632C8000A2EA7 /* DateFormat.swift in Sources */ = {isa = PBXBuildFile; fileRef = AC7782602BF632C7000A2EA7 /* DateFormat.swift */; };
		ACCE708A2BF210B9009540DE /* IZAApp.swift in Sources */ = {isa = PBXBuildFile; fileRef = ACCE70892BF210B9009540DE /* IZAApp.swift */; };
		ACCE708C2BF210B9009540DE /* ContentView.swift in Sources */ = {isa = PBXBuildFile; fileRef = ACCE708B2BF210B9009540DE /* ContentView.swift */; };
		ACCE70902BF210BC009540DE /* Assets.xcassets in Resources */ = {isa = PBXBuildFile; fileRef = ACCE708F2BF210BC009540DE /* Assets.xcassets */; };
		ACCE70932BF210BC009540DE /* Preview Assets.xcassets in Resources */ = {isa = PBXBuildFile; fileRef = ACCE70922BF210BC009540DE /* Preview Assets.xcassets */; };
		ACCE709A2BF21D3E009540DE /* AppModel.swift in Sources */ = {isa = PBXBuildFile; fileRef = ACCE70992BF21D3E009540DE /* AppModel.swift */; };
		ACCE709C2BF22CA0009540DE /* CompetitionsView.swift in Sources */ = {isa = PBXBuildFile; fileRef = ACCE709B2BF22CA0009540DE /* CompetitionsView.swift */; };
		ACCE709E2BF3A017009540DE /* DateView.swift in Sources */ = {isa = PBXBuildFile; fileRef = ACCE709D2BF3A017009540DE /* DateView.swift */; };
		ACCE70A22BF51286009540DE /* TableView.swift in Sources */ = {isa = PBXBuildFile; fileRef = ACCE70A12BF51286009540DE /* TableView.swift */; };
		ACCE70A42BF53799009540DE /* CompetitionsVM.swift in Sources */ = {isa = PBXBuildFile; fileRef = ACCE70A32BF53799009540DE /* CompetitionsVM.swift */; };
/* End PBXBuildFile section */

/* Begin PBXFileReference section */
		AC7782602BF632C7000A2EA7 /* DateFormat.swift */ = {isa = PBXFileReference; lastKnownFileType = sourcecode.swift; path = DateFormat.swift; sourceTree = "<group>"; };
		ACCE70862BF210B9009540DE /* IZA.app */ = {isa = PBXFileReference; explicitFileType = wrapper.application; includeInIndex = 0; path = IZA.app; sourceTree = BUILT_PRODUCTS_DIR; };
		ACCE70892BF210B9009540DE /* IZAApp.swift */ = {isa = PBXFileReference; lastKnownFileType = sourcecode.swift; path = IZAApp.swift; sourceTree = "<group>"; };
		ACCE708B2BF210B9009540DE /* ContentView.swift */ = {isa = PBXFileReference; lastKnownFileType = sourcecode.swift; path = ContentView.swift; sourceTree = "<group>"; };
		ACCE708F2BF210BC009540DE /* Assets.xcassets */ = {isa = PBXFileReference; lastKnownFileType = folder.assetcatalog; path = Assets.xcassets; sourceTree = "<group>"; };
		ACCE70922BF210BC009540DE /* Preview Assets.xcassets */ = {isa = PBXFileReference; lastKnownFileType = folder.assetcatalog; path = "Preview Assets.xcassets"; sourceTree = "<group>"; };
		ACCE70992BF21D3E009540DE /* AppModel.swift */ = {isa = PBXFileReference; lastKnownFileType = sourcecode.swift; path = AppModel.swift; sourceTree = "<group>"; };
		ACCE709B2BF22CA0009540DE /* CompetitionsView.swift */ = {isa = PBXFileReference; lastKnownFileType = sourcecode.swift; path = CompetitionsView.swift; sourceTree = "<group>"; };
		ACCE709D2BF3A017009540DE /* DateView.swift */ = {isa = PBXFileReference; lastKnownFileType = sourcecode.swift; path = DateView.swift; sourceTree = "<group>"; };
		ACCE70A12BF51286009540DE /* TableView.swift */ = {isa = PBXFileReference; lastKnownFileType = sourcecode.swift; path = TableView.swift; sourceTree = "<group>"; };
		ACCE70A32BF53799009540DE /* CompetitionsVM.swift */ = {isa = PBXFileReference; lastKnownFileType = sourcecode.swift; path = CompetitionsVM.swift; sourceTree = "<group>"; };
/* End PBXFileReference section */

/* Begin PBXFrameworksBuildPhase section */
		ACCE70832BF210B9009540DE /* Frameworks */ = {
			isa = PBXFrameworksBuildPhase;
			buildActionMask = 2147483647;
			files = (
			);
			runOnlyForDeploymentPostprocessing = 0;
		};
/* End PBXFrameworksBuildPhase section */

/* Begin PBXGroup section */
		ACCE707D2BF210B9009540DE = {
			isa = PBXGroup;
			children = (
				ACCE70882BF210B9009540DE /* IZA */,
				ACCE70872BF210B9009540DE /* Products */,
			);
			sourceTree = "<group>";
		};
		ACCE70872BF210B9009540DE /* Products */ = {
			isa = PBXGroup;
			children = (
				ACCE70862BF210B9009540DE /* IZA.app */,
			);
			name = Products;
			sourceTree = "<group>";
		};
		ACCE70882BF210B9009540DE /* IZA */ = {
			isa = PBXGroup;
			children = (
				ACCE709B2BF22CA0009540DE /* CompetitionsView.swift */,
				ACCE70A32BF53799009540DE /* CompetitionsVM.swift */,
				ACCE709D2BF3A017009540DE /* DateView.swift */,
				AC7782602BF632C7000A2EA7 /* DateFormat.swift */,
				ACCE70992BF21D3E009540DE /* AppModel.swift */,
				ACCE70892BF210B9009540DE /* IZAApp.swift */,
				ACCE70A12BF51286009540DE /* TableView.swift */,
				ACCE708B2BF210B9009540DE /* ContentView.swift */,
				ACCE708F2BF210BC009540DE /* Assets.xcassets */,
				ACCE70912BF210BC009540DE /* Preview Content */,
			);
			path = IZA;
			sourceTree = "<group>";
		};
		ACCE70912BF210BC009540DE /* Preview Content */ = {
			isa = PBXGroup;
			children = (
				ACCE70922BF210BC009540DE /* Preview Assets.xcassets */,
			);
			path = "Preview Content";
			sourceTree = "<group>";
		};
/* End PBXGroup section */

/* Begin PBXNativeTarget section */
		ACCE70852BF210B9009540DE /* IZA */ = {
			isa = PBXNativeTarget;
			buildConfigurationList = ACCE70962BF210BC009540DE /* Build configuration list for PBXNativeTarget "IZA" */;
			buildPhases = (
				ACCE70822BF210B9009540DE /* Sources */,
				ACCE70832BF210B9009540DE /* Frameworks */,
				ACCE70842BF210B9009540DE /* Resources */,
			);
			buildRules = (
			);
			dependencies = (
			);
			name = IZA;
			productName = IZA;
			productReference = ACCE70862BF210B9009540DE /* IZA.app */;
			productType = "com.apple.product-type.application";
		};
/* End PBXNativeTarget section */

/* Begin PBXProject section */
		ACCE707E2BF210B9009540DE /* Project object */ = {
			isa = PBXProject;
			attributes = {
				BuildIndependentTargetsInParallel = 1;
				LastSwiftUpdateCheck = 1530;
				LastUpgradeCheck = 1530;
				TargetAttributes = {
					ACCE70852BF210B9009540DE = {
						CreatedOnToolsVersion = 15.3;
					};
				};
			};
			buildConfigurationList = ACCE70812BF210B9009540DE /* Build configuration list for PBXProject "IZA" */;
			compatibilityVersion = "Xcode 14.0";
			developmentRegion = en;
			hasScannedForEncodings = 0;
			knownRegions = (
				en,
				Base,
			);
			mainGroup = ACCE707D2BF210B9009540DE;
			productRefGroup = ACCE70872BF210B9009540DE /* Products */;
			projectDirPath = "";
			projectRoot = "";
			targets = (
				ACCE70852BF210B9009540DE /* IZA */,
			);
		};
/* End PBXProject section */

/* Begin PBXResourcesBuildPhase section */
		ACCE70842BF210B9009540DE /* Resources */ = {
			isa = PBXResourcesBuildPhase;
			buildActionMask = 2147483647;
			files = (
				ACCE70932BF210BC009540DE /* Preview Assets.xcassets in Resources */,
				ACCE70902BF210BC009540DE /* Assets.xcassets in Resources */,
			);
			runOnlyForDeploymentPostprocessing = 0;
		};
/* End PBXResourcesBuildPhase section */

/* Begin PBXSourcesBuildPhase section */
		ACCE70822BF210B9009540DE /* Sources */ = {
			isa = PBXSourcesBuildPhase;
			buildActionMask = 2147483647;
			files = (
				ACCE709E2BF3A017009540DE /* DateView.swift in Sources */,
				ACCE70A42BF53799009540DE /* CompetitionsVM.swift in Sources */,
				ACCE709C2BF22CA0009540DE /* CompetitionsView.swift in Sources */,
				ACCE708C2BF210B9009540DE /* ContentView.swift in Sources */,
				ACCE709A2BF21D3E009540DE /* AppModel.swift in Sources */,
				ACCE70A22BF51286009540DE /* TableView.swift in Sources */,
				AC7782612BF632C8000A2EA7 /* DateFormat.swift in Sources */,
				ACCE708A2BF210B9009540DE /* IZAApp.swift in Sources */,
			);
			runOnlyForDeploymentPostprocessing = 0;
		};
/* End PBXSourcesBuildPhase section */

/* Begin XCBuildConfiguration section */
		ACCE70942BF210BC009540DE /* Debug */ = {
			isa = XCBuildConfiguration;
			buildSettings = {
				ALWAYS_SEARCH_USER_PATHS = NO;
				ASSETCATALOG_COMPILER_GENERATE_SWIFT_ASSET_SYMBOL_EXTENSIONS = YES;
				CLANG_ANALYZER_NONNULL = YES;
				CLANG_ANALYZER_NUMBER_OBJECT_CONVERSION = YES_AGGRESSIVE;
				CLANG_CXX_LANGUAGE_STANDARD = "gnu++20";
				CLANG_ENABLE_MODULES = YES;
				CLANG_ENABLE_OBJC_ARC = YES;
				CLANG_ENABLE_OBJC_WEAK = YES;
				CLANG_WARN_BLOCK_CAPTURE_AUTORELEASING = YES;
				CLANG_WARN_BOOL_CONVERSION = YES;
				CLANG_WARN_COMMA = YES;
				CLANG_WARN_CONSTANT_CONVERSION = YES;
				CLANG_WARN_DEPRECATED_OBJC_IMPLEMENTATIONS = YES;
				CLANG_WARN_DIRECT_OBJC_ISA_USAGE = YES_ERROR;
				CLANG_WARN_DOCUMENTATION_COMMENTS = YES;
				CLANG_WARN_EMPTY_BODY = YES;
				CLANG_WARN_ENUM_CONVERSION = YES;
				CLANG_WARN_INFINITE_RECURSION = YES;
				CLANG_WARN_INT_CONVERSION = YES;
				CLANG_WARN_NON_LITERAL_NULL_CONVERSION = YES;
				CLANG_WARN_OBJC_IMPLICIT_RETAIN_SELF = YES;
				CLANG_WARN_OBJC_LITERAL_CONVERSION = YES;
				CLANG_WARN_OBJC_ROOT_CLASS = YES_ERROR;
				CLANG_WARN_QUOTED_INCLUDE_IN_FRAMEWORK_HEADER = YES;
				CLANG_WARN_RANGE_LOOP_ANALYSIS = YES;
				CLANG_WARN_STRICT_PROTOTYPES = YES;
				CLANG_WARN_SUSPICIOUS_MOVE = YES;
				CLANG_WARN_UNGUARDED_AVAILABILITY = YES_AGGRESSIVE;
				CLANG_WARN_UNREACHABLE_CODE = YES;
				CLANG_WARN__DUPLICATE_METHOD_MATCH = YES;
				COPY_PHASE_STRIP = NO;
				DEBUG_INFORMATION_FORMAT = dwarf;
				ENABLE_STRICT_OBJC_MSGSEND = YES;
				ENABLE_TESTABILITY = YES;
				ENABLE_USER_SCRIPT_SANDBOXING = YES;
				GCC_C_LANGUAGE_STANDARD = gnu17;
				GCC_DYNAMIC_NO_PIC = NO;
				GCC_NO_COMMON_BLOCKS = YES;
				GCC_OPTIMIZATION_LEVEL = 0;
				GCC_PREPROCESSOR_DEFINITIONS = (
					"DEBUG=1",
					"$(inherited)",
				);
				GCC_WARN_64_TO_32_BIT_CONVERSION = YES;
				GCC_WARN_ABOUT_RETURN_TYPE = YES_ERROR;
				GCC_WARN_UNDECLARED_SELECTOR = YES;
				GCC_WARN_UNINITIALIZED_AUTOS = YES_AGGRESSIVE;
				GCC_WARN_UNUSED_FUNCTION = YES;
				GCC_WARN_UNUSED_VARIABLE = YES;
				IPHONEOS_DEPLOYMENT_TARGET = 17.4;
				LOCALIZATION_PREFERS_STRING_CATALOGS = YES;
				MTL_ENABLE_DEBUG_INFO = INCLUDE_SOURCE;
				MTL_FAST_MATH = YES;
				ONLY_ACTIVE_ARCH = YES;
				SDKROOT = iphoneos;
				SWIFT_ACTIVE_COMPILATION_CONDITIONS = "DEBUG $(inherited)";
				SWIFT_OPTIMIZATION_LEVEL = "-Onone";
			};
			name = Debug;
		};
		ACCE70952BF210BC009540DE /* Release */ = {
			isa = XCBuildConfiguration;
			buildSettings = {
				ALWAYS_SEARCH_USER_PATHS = NO;
				ASSETCATALOG_COMPILER_GENERATE_SWIFT_ASSET_SYMBOL_EXTENSIONS = YES;
				CLANG_ANALYZER_NONNULL = YES;
				CLANG_ANALYZER_NUMBER_OBJECT_CONVERSION = YES_AGGRESSIVE;
				CLANG_CXX_LANGUAGE_STANDARD = "gnu++20";
				CLANG_ENABLE_MODULES = YES;
				CLANG_ENABLE_OBJC_ARC = YES;
				CLANG_ENABLE_OBJC_WEAK = YES;
				CLANG_WARN_BLOCK_CAPTURE_AUTORELEASING = YES;
				CLANG_WARN_BOOL_CONVERSION = YES;
				CLANG_WARN_COMMA = YES;
				CLANG_WARN_CONSTANT_CONVERSION = YES;
				CLANG_WARN_DEPRECATED_OBJC_IMPLEMENTATIONS = YES;
				CLANG_WARN_DIRECT_OBJC_ISA_USAGE = YES_ERROR;
				CLANG_WARN_DOCUMENTATION_COMMENTS = YES;
				CLANG_WARN_EMPTY_BODY = YES;
				CLANG_WARN_ENUM_CONVERSION = YES;
				CLANG_WARN_INFINITE_RECURSION = YES;
				CLANG_WARN_INT_CONVERSION = YES;
				CLANG_WARN_NON_LITERAL_NULL_CONVERSION = YES;
				CLANG_WARN_OBJC_IMPLICIT_RETAIN_SELF = YES;
				CLANG_WARN_OBJC_LITERAL_CONVERSION = YES;
				CLANG_WARN_OBJC_ROOT_CLASS = YES_ERROR;
				CLANG_WARN_QUOTED_INCLUDE_IN_FRAMEWORK_HEADER = YES;
				CLANG_WARN_RANGE_LOOP_ANALYSIS = YES;
				CLANG_WARN_STRICT_PROTOTYPES = YES;
				CLANG_WARN_SUSPICIOUS_MOVE = YES;
				CLANG_WARN_UNGUARDED_AVAILABILITY = YES_AGGRESSIVE;
				CLANG_WARN_UNREACHABLE_CODE = YES;
				CLANG_WARN__DUPLICATE_METHOD_MATCH = YES;
				COPY_PHASE_STRIP = NO;
				DEBUG_INFORMATION_FORMAT = "dwarf-with-dsym";
				ENABLE_NS_ASSERTIONS = NO;
				ENABLE_STRICT_OBJC_MSGSEND = YES;
				ENABLE_USER_SCRIPT_SANDBOXING = YES;
				GCC_C_LANGUAGE_STANDARD = gnu17;
				GCC_NO_COMMON_BLOCKS = YES;
				GCC_WARN_64_TO_32_BIT_CONVERSION = YES;
				GCC_WARN_ABOUT_RETURN_TYPE = YES_ERROR;
				GCC_WARN_UNDECLARED_SELECTOR = YES;
				GCC_WARN_UNINITIALIZED_AUTOS = YES_AGGRESSIVE;
				GCC_WARN_UNUSED_FUNCTION = YES;
				GCC_WARN_UNUSED_VARIABLE = YES;
				IPHONEOS_DEPLOYMENT_TARGET = 17.4;
				LOCALIZATION_PREFERS_STRING_CATALOGS = YES;
				MTL_ENABLE_DEBUG_INFO = NO;
				MTL_FAST_MATH = YES;
				SDKROOT = iphoneos;
				SWIFT_COMPILATION_MODE = wholemodule;
				VALIDATE_PRODUCT = YES;
			};
			name = Release;
		};
		ACCE70972BF210BC009540DE /* Debug */ = {
			isa = XCBuildConfiguration;
			buildSettings = {
				ASSETCATALOG_COMPILER_APPICON_NAME = AppIcon;
				ASSETCATALOG_COMPILER_GLOBAL_ACCENT_COLOR_NAME = AccentColor;
				CODE_SIGN_STYLE = Automatic;
				CURRENT_PROJECT_VERSION = 1;
				DEVELOPMENT_ASSET_PATHS = "\"IZA/Preview Content\"";
				DEVELOPMENT_TEAM = 4A9QRSVBS6;
				ENABLE_PREVIEWS = YES;
				GENERATE_INFOPLIST_FILE = YES;
				INFOPLIST_KEY_UIApplicationSceneManifest_Generation = YES;
				INFOPLIST_KEY_UIApplicationSupportsIndirectInputEvents = YES;
				INFOPLIST_KEY_UILaunchScreen_Generation = YES;
				INFOPLIST_KEY_UISupportedInterfaceOrientations_iPad = "UIInterfaceOrientationPortrait UIInterfaceOrientationPortraitUpsideDown UIInterfaceOrientationLandscapeLeft UIInterfaceOrientationLandscapeRight";
				INFOPLIST_KEY_UISupportedInterfaceOrientations_iPhone = "UIInterfaceOrientationPortrait UIInterfaceOrientationLandscapeLeft UIInterfaceOrientationLandscapeRight";
				LD_RUNPATH_SEARCH_PATHS = (
					"$(inherited)",
					"@executable_path/Frameworks",
				);
				MARKETING_VERSION = 1.0;
				PRODUCT_BUNDLE_IDENTIFIER = "VUT-FIT.IZA";
				PRODUCT_NAME = "$(TARGET_NAME)";
				SWIFT_EMIT_LOC_STRINGS = YES;
				SWIFT_VERSION = 5.0;
				TARGETED_DEVICE_FAMILY = "1,2";
			};
			name = Debug;
		};
		ACCE70982BF210BC009540DE /* Release */ = {
			isa = XCBuildConfiguration;
			buildSettings = {
				ASSETCATALOG_COMPILER_APPICON_NAME = AppIcon;
				ASSETCATALOG_COMPILER_GLOBAL_ACCENT_COLOR_NAME = AccentColor;
				CODE_SIGN_STYLE = Automatic;
				CURRENT_PROJECT_VERSION = 1;
				DEVELOPMENT_ASSET_PATHS = "\"IZA/Preview Content\"";
				DEVELOPMENT_TEAM = 4A9QRSVBS6;
				ENABLE_PREVIEWS = YES;
				GENERATE_INFOPLIST_FILE = YES;
				INFOPLIST_KEY_UIApplicationSceneManifest_Generation = YES;
				INFOPLIST_KEY_UIApplicationSupportsIndirectInputEvents = YES;
				INFOPLIST_KEY_UILaunchScreen_Generation = YES;
				INFOPLIST_KEY_UISupportedInterfaceOrientations_iPad = "UIInterfaceOrientationPortrait UIInterfaceOrientationPortraitUpsideDown UIInterfaceOrientationLandscapeLeft UIInterfaceOrientationLandscapeRight";
				INFOPLIST_KEY_UISupportedInterfaceOrientations_iPhone = "UIInterfaceOrientationPortrait UIInterfaceOrientationLandscapeLeft UIInterfaceOrientationLandscapeRight";
				LD_RUNPATH_SEARCH_PATHS = (
					"$(inherited)",
					"@executable_path/Frameworks",
				);
				MARKETING_VERSION = 1.0;
				PRODUCT_BUNDLE_IDENTIFIER = "VUT-FIT.IZA";
				PRODUCT_NAME = "$(TARGET_NAME)";
				SWIFT_EMIT_LOC_STRINGS = YES;
				SWIFT_VERSION = 5.0;
				TARGETED_DEVICE_FAMILY = "1,2";
			};
			name = Release;
		};
/* End XCBuildConfiguration section */

/* Begin XCConfigurationList section */
		ACCE70812BF210B9009540DE /* Build configuration list for PBXProject "IZA" */ = {
			isa = XCConfigurationList;
			buildConfigurations = (
				ACCE70942BF210BC009540DE /* Debug */,
				ACCE70952BF210BC009540DE /* Release */,
			);
			defaultConfigurationIsVisible = 0;
			defaultConfigurationName = Release;
		};
		ACCE70962BF210BC009540DE /* Build configuration list for PBXNativeTarget "IZA" */ = {
			isa = XCConfigurationList;
			buildConfigurations = (
				ACCE70972BF210BC009540DE /* Debug */,
				ACCE70982BF210BC009540DE /* Release */,
			);
			defaultConfigurationIsVisible = 0;
			defaultConfigurationName = Release;
		};
/* End XCConfigurationList section */
	};
	rootObject = ACCE707E2BF210B9009540DE /* Project object */;
}
